
Microsoft Visual Studio Solution File, Format Version 12.00
# Visual Studio Version 17
VisualStudioVersion = 17.13.35919.96 d17.13
MinimumVisualStudioVersion = 10.0.40219.1
Project("{FAE04EC0-301F-11D3-BF4B-00C04F79EFBC}") = "ThisIsCSharp", "ThisIsCSharp\ThisIsCSharp.csproj", "{3930CB48-4979-4ECB-A2BC-16E675D889DD}"
EndProject
Global
	GlobalSection(SolutionConfigurationPlatforms) = preSolution
		Debug|Any CPU = Debug|Any CPU
		Release|Any CPU = Release|Any CPU
	EndGlobalSection
	GlobalSection(ProjectConfigurationPlatforms) = postSolution
		{3930CB48-4979-4ECB-A2BC-16E675D889DD}.Debug|Any CPU.ActiveCfg = Debug|Any CPU
		{3930CB48-4979-4ECB-A2BC-16E675D889DD}.Debug|Any CPU.Build.0 = Debug|Any CPU
		{3930CB48-4979-4ECB-A2BC-16E675D889DD}.Release|Any CPU.ActiveCfg = Release|Any CPU
		{3930CB48-4979-4ECB-A2BC-16E675D889DD}.Release|Any CPU.Build.0 = Release|Any CPU
	EndGlobalSection
	GlobalSection(SolutionProperties) = preSolution
		HideSolutionNode = FALSE
	EndGlobalSection
	GlobalSection(ExtensibilityGlobals) = postSolution
		SolutionGuid = {83CA7E55-D0C7-47C7-9350-8E205AD280AC}
	EndGlobalSection
EndGlobal
